
Microsoft Visual Studio Solution File, Format Version 12.00
# Visual Studio Version 16
VisualStudioVersion = 16.0.30907.101
MinimumVisualStudioVersion = 10.0.40219.1
Project("{FAE04EC0-301F-11D3-BF4B-00C04F79EFBC}") = "Final_Project", "Final_Project.csproj", "{88A3355D-16E7-4A70-85FC-D9609302EEF6}"
EndProject
Project("{FAE04EC0-301F-11D3-BF4B-00C04F79EFBC}") = "Final_UnitTestProject1", "..\Final_UnitTestProject1\Final_UnitTestProject1.csproj", "{724A18EB-F836-4A61-977D-C053CD6CBEE0}"
EndProject
Global
	GlobalSection(SolutionConfigurationPlatforms) = preSolution
		Debug|Any CPU = Debug|Any CPU
		Release|Any CPU = Release|Any CPU
	EndGlobalSection
	GlobalSection(ProjectConfigurationPlatforms) = postSolution
		{88A3355D-16E7-4A70-85FC-D9609302EEF6}.Debug|Any CPU.ActiveCfg = Debug|Any CPU
		{88A3355D-16E7-4A70-85FC-D9609302EEF6}.Debug|Any CPU.Build.0 = Debug|Any CPU
		{88A3355D-16E7-4A70-85FC-D9609302EEF6}.Release|Any CPU.ActiveCfg = Release|Any CPU
		{88A3355D-16E7-4A70-85FC-D9609302EEF6}.Release|Any CPU.Build.0 = Release|Any CPU
		{724A18EB-F836-4A61-977D-C053CD6CBEE0}.Debug|Any CPU.ActiveCfg = Debug|Any CPU
		{724A18EB-F836-4A61-977D-C053CD6CBEE0}.Debug|Any CPU.Build.0 = Debug|Any CPU
		{724A18EB-F836-4A61-977D-C053CD6CBEE0}.Release|Any CPU.ActiveCfg = Release|Any CPU
		{724A18EB-F836-4A61-977D-C053CD6CBEE0}.Release|Any CPU.Build.0 = Release|Any CPU
	EndGlobalSection
	GlobalSection(SolutionProperties) = preSolution
		HideSolutionNode = FALSE
	EndGlobalSection
	GlobalSection(ExtensibilityGlobals) = postSolution
		SolutionGuid = {E2880CA9-3538-499D-B34A-9D5DC15EF2DF}
	EndGlobalSection
EndGlobal
